// !$*UTF8*$!
{
	archiveVersion = 1;
	classes = {
	};
	objectVersion = 55;
	objects = {

/* Begin PBXBuildFile section */
		570340BC2823538300D1C3E4 /* DashboardView.swift in Sources */ = {isa = PBXBuildFile; fileRef = 570340BB2823538300D1C3E4 /* DashboardView.swift */; };
		570DC9C22824B40C00D8289F /* SwiftUICharts in Frameworks */ = {isa = PBXBuildFile; productRef = 570DC9C12824B40C00D8289F /* SwiftUICharts */; };
		572DB43228234F8700FF7B19 /* TransactionEntry.swift in Sources */ = {isa = PBXBuildFile; fileRef = 572DB43128234F8700FF7B19 /* TransactionEntry.swift */; };
		57725F88282C83B100FE972A /* ListTransactionView.swift in Sources */ = {isa = PBXBuildFile; fileRef = 57725F87282C83B100FE972A /* ListTransactionView.swift */; };
		57725F8A282C840400FE972A /* SQLiteDatabase.swift in Sources */ = {isa = PBXBuildFile; fileRef = 57725F89282C840400FE972A /* SQLiteDatabase.swift */; };
		57950E3428231C6900713A8E /* iFinanceApp.swift in Sources */ = {isa = PBXBuildFile; fileRef = 57950E3328231C6900713A8E /* iFinanceApp.swift */; };
		57950E3628231C6900713A8E /* HomeView.swift in Sources */ = {isa = PBXBuildFile; fileRef = 57950E3528231C6900713A8E /* HomeView.swift */; };
		57950E3828231C6B00713A8E /* Assets.xcassets in Resources */ = {isa = PBXBuildFile; fileRef = 57950E3728231C6B00713A8E /* Assets.xcassets */; };
		57950E3B28231C6B00713A8E /* Preview Assets.xcassets in Resources */ = {isa = PBXBuildFile; fileRef = 57950E3A28231C6B00713A8E /* Preview Assets.xcassets */; };
		57F2B1DD282C85A200819444 /* SQLite in Frameworks */ = {isa = PBXBuildFile; productRef = 57F2B1DC282C85A200819444 /* SQLite */; };
/* End PBXBuildFile section */

/* Begin PBXFileReference section */
		570340BB2823538300D1C3E4 /* DashboardView.swift */ = {isa = PBXFileReference; lastKnownFileType = sourcecode.swift; path = DashboardView.swift; sourceTree = "<group>"; };
		572DB43128234F8700FF7B19 /* TransactionEntry.swift */ = {isa = PBXFileReference; lastKnownFileType = sourcecode.swift; path = TransactionEntry.swift; sourceTree = "<group>"; };
		57725F87282C83B100FE972A /* ListTransactionView.swift */ = {isa = PBXFileReference; lastKnownFileType = sourcecode.swift; path = ListTransactionView.swift; sourceTree = "<group>"; };
		57725F89282C840400FE972A /* SQLiteDatabase.swift */ = {isa = PBXFileReference; lastKnownFileType = sourcecode.swift; path = SQLiteDatabase.swift; sourceTree = "<group>"; };
		57950E3028231C6900713A8E /* iFinance.app */ = {isa = PBXFileReference; explicitFileType = wrapper.application; includeInIndex = 0; path = iFinance.app; sourceTree = BUILT_PRODUCTS_DIR; };
		57950E3328231C6900713A8E /* iFinanceApp.swift */ = {isa = PBXFileReference; lastKnownFileType = sourcecode.swift; path = iFinanceApp.swift; sourceTree = "<group>"; };
		57950E3528231C6900713A8E /* HomeView.swift */ = {isa = PBXFileReference; lastKnownFileType = sourcecode.swift; path = HomeView.swift; sourceTree = "<group>"; };
		57950E3728231C6B00713A8E /* Assets.xcassets */ = {isa = PBXFileReference; lastKnownFileType = folder.assetcatalog; path = Assets.xcassets; sourceTree = "<group>"; };
		57950E3A28231C6B00713A8E /* Preview Assets.xcassets */ = {isa = PBXFileReference; lastKnownFileType = folder.assetcatalog; path = "Preview Assets.xcassets"; sourceTree = "<group>"; };
/* End PBXFileReference section */

/* Begin PBXFrameworksBuildPhase section */
		57950E2D28231C6900713A8E /* Frameworks */ = {
			isa = PBXFrameworksBuildPhase;
			buildActionMask = 2147483647;
			files = (
				57F2B1DD282C85A200819444 /* SQLite in Frameworks */,
				570DC9C22824B40C00D8289F /* SwiftUICharts in Frameworks */,
			);
			runOnlyForDeploymentPostprocessing = 0;
		};
/* End PBXFrameworksBuildPhase section */

/* Begin PBXGroup section */
		572DB42E28234DF000FF7B19 /* Model */ = {
			isa = PBXGroup;
			children = (
				572DB43128234F8700FF7B19 /* TransactionEntry.swift */,
				57725F89282C840400FE972A /* SQLiteDatabase.swift */,
			);
			path = Model;
			sourceTree = "<group>";
		};
		572DB42F28234E1D00FF7B19 /* View */ = {
			isa = PBXGroup;
			children = (
				57950E3528231C6900713A8E /* HomeView.swift */,
				570340BB2823538300D1C3E4 /* DashboardView.swift */,
				57725F87282C83B100FE972A /* ListTransactionView.swift */,
			);
			path = View;
			sourceTree = "<group>";
		};
		572DB43028234E2400FF7B19 /* ViewModel */ = {
			isa = PBXGroup;
			children = (
			);
			path = ViewModel;
			sourceTree = "<group>";
		};
		57950E2728231C6900713A8E = {
			isa = PBXGroup;
			children = (
				57950E3228231C6900713A8E /* iFinance */,
				57950E3128231C6900713A8E /* Products */,
			);
			sourceTree = "<group>";
		};
		57950E3128231C6900713A8E /* Products */ = {
			isa = PBXGroup;
			children = (
				57950E3028231C6900713A8E /* iFinance.app */,
			);
			name = Products;
			sourceTree = "<group>";
		};
		57950E3228231C6900713A8E /* iFinance */ = {
			isa = PBXGroup;
			children = (
				572DB42E28234DF000FF7B19 /* Model */,
				572DB42F28234E1D00FF7B19 /* View */,
				572DB43028234E2400FF7B19 /* ViewModel */,
				57950E3328231C6900713A8E /* iFinanceApp.swift */,
				57950E3728231C6B00713A8E /* Assets.xcassets */,
				57950E3928231C6B00713A8E /* Preview Content */,
			);
			path = iFinance;
			sourceTree = "<group>";
		};
		57950E3928231C6B00713A8E /* Preview Content */ = {
			isa = PBXGroup;
			children = (
				57950E3A28231C6B00713A8E /* Preview Assets.xcassets */,
			);
			path = "Preview Content";
			sourceTree = "<group>";
		};
/* End PBXGroup section */

/* Begin PBXNativeTarget section */
		57950E2F28231C6900713A8E /* iFinance */ = {
			isa = PBXNativeTarget;
			buildConfigurationList = 57950E3E28231C6B00713A8E /* Build configuration list for PBXNativeTarget "iFinance" */;
			buildPhases = (
				57950E2C28231C6900713A8E /* Sources */,
				57950E2D28231C6900713A8E /* Frameworks */,
				57950E2E28231C6900713A8E /* Resources */,
			);
			buildRules = (
			);
			dependencies = (
			);
			name = iFinance;
			packageProductDependencies = (
				570DC9C12824B40C00D8289F /* SwiftUICharts */,
				57F2B1DC282C85A200819444 /* SQLite */,
			);
			productName = iFinance;
			productReference = 57950E3028231C6900713A8E /* iFinance.app */;
			productType = "com.apple.product-type.application";
		};
/* End PBXNativeTarget section */

/* Begin PBXProject section */
		57950E2828231C6900713A8E /* Project object */ = {
			isa = PBXProject;
			attributes = {
				BuildIndependentTargetsInParallel = 1;
				LastSwiftUpdateCheck = 1330;
				LastUpgradeCheck = 1330;
				TargetAttributes = {
					57950E2F28231C6900713A8E = {
						CreatedOnToolsVersion = 13.3;
					};
				};
			};
			buildConfigurationList = 57950E2B28231C6900713A8E /* Build configuration list for PBXProject "iFinance" */;
			compatibilityVersion = "Xcode 13.0";
			developmentRegion = en;
			hasScannedForEncodings = 0;
			knownRegions = (
				en,
				Base,
			);
			mainGroup = 57950E2728231C6900713A8E;
			packageReferences = (
				570DC9C02824B40C00D8289F /* XCRemoteSwiftPackageReference "ChartView" */,
				57F2B1DB282C85A200819444 /* XCRemoteSwiftPackageReference "SQLite.swift" */,
			);
			productRefGroup = 57950E3128231C6900713A8E /* Products */;
			projectDirPath = "";
			projectRoot = "";
			targets = (
				57950E2F28231C6900713A8E /* iFinance */,
			);
		};
/* End PBXProject section */

/* Begin PBXResourcesBuildPhase section */
		57950E2E28231C6900713A8E /* Resources */ = {
			isa = PBXResourcesBuildPhase;
			buildActionMask = 2147483647;
			files = (
				57950E3B28231C6B00713A8E /* Preview Assets.xcassets in Resources */,
				57950E3828231C6B00713A8E /* Assets.xcassets in Resources */,
			);
			runOnlyForDeploymentPostprocessing = 0;
		};
/* End PBXResourcesBuildPhase section */

/* Begin PBXSourcesBuildPhase section */
		57950E2C28231C6900713A8E /* Sources */ = {
			isa = PBXSourcesBuildPhase;
			buildActionMask = 2147483647;
			files = (
				57950E3628231C6900713A8E /* HomeView.swift in Sources */,
				57725F88282C83B100FE972A /* ListTransactionView.swift in Sources */,
				572DB43228234F8700FF7B19 /* TransactionEntry.swift in Sources */,
				570340BC2823538300D1C3E4 /* DashboardView.swift in Sources */,
				57950E3428231C6900713A8E /* iFinanceApp.swift in Sources */,
				57725F8A282C840400FE972A /* SQLiteDatabase.swift in Sources */,
			);
			runOnlyForDeploymentPostprocessing = 0;
		};
/* End PBXSourcesBuildPhase section */

/* Begin XCBuildConfiguration section */
		57950E3C28231C6B00713A8E /* Debug */ = {
			isa = XCBuildConfiguration;
			buildSettings = {
				ALWAYS_SEARCH_USER_PATHS = NO;
				CLANG_ANALYZER_NONNULL = YES;
				CLANG_ANALYZER_NUMBER_OBJECT_CONVERSION = YES_AGGRESSIVE;
				CLANG_CXX_LANGUAGE_STANDARD = "gnu++17";
				CLANG_ENABLE_MODULES = YES;
				CLANG_ENABLE_OBJC_ARC = YES;
				CLANG_ENABLE_OBJC_WEAK = YES;
				CLANG_WARN_BLOCK_CAPTURE_AUTORELEASING = YES;
				CLANG_WARN_BOOL_CONVERSION = YES;
				CLANG_WARN_COMMA = YES;
				CLANG_WARN_CONSTANT_CONVERSION = YES;
				CLANG_WARN_DEPRECATED_OBJC_IMPLEMENTATIONS = YES;
				CLANG_WARN_DIRECT_OBJC_ISA_USAGE = YES_ERROR;
				CLANG_WARN_DOCUMENTATION_COMMENTS = YES;
				CLANG_WARN_EMPTY_BODY = YES;
				CLANG_WARN_ENUM_CONVERSION = YES;
				CLANG_WARN_INFINITE_RECURSION = YES;
				CLANG_WARN_INT_CONVERSION = YES;
				CLANG_WARN_NON_LITERAL_NULL_CONVERSION = YES;
				CLANG_WARN_OBJC_IMPLICIT_RETAIN_SELF = YES;
				CLANG_WARN_OBJC_LITERAL_CONVERSION = YES;
				CLANG_WARN_OBJC_ROOT_CLASS = YES_ERROR;
				CLANG_WARN_QUOTED_INCLUDE_IN_FRAMEWORK_HEADER = YES;
				CLANG_WARN_RANGE_LOOP_ANALYSIS = YES;
				CLANG_WARN_STRICT_PROTOTYPES = YES;
				CLANG_WARN_SUSPICIOUS_MOVE = YES;
				CLANG_WARN_UNGUARDED_AVAILABILITY = YES_AGGRESSIVE;
				CLANG_WARN_UNREACHABLE_CODE = YES;
				CLANG_WARN__DUPLICATE_METHOD_MATCH = YES;
				COPY_PHASE_STRIP = NO;
				DEBUG_INFORMATION_FORMAT = dwarf;
				ENABLE_STRICT_OBJC_MSGSEND = YES;
				ENABLE_TESTABILITY = YES;
				GCC_C_LANGUAGE_STANDARD = gnu11;
				GCC_DYNAMIC_NO_PIC = NO;
				GCC_NO_COMMON_BLOCKS = YES;
				GCC_OPTIMIZATION_LEVEL = 0;
				GCC_PREPROCESSOR_DEFINITIONS = (
					"DEBUG=1",
					"$(inherited)",
				);
				GCC_WARN_64_TO_32_BIT_CONVERSION = YES;
				GCC_WARN_ABOUT_RETURN_TYPE = YES_ERROR;
				GCC_WARN_UNDECLARED_SELECTOR = YES;
				GCC_WARN_UNINITIALIZED_AUTOS = YES_AGGRESSIVE;
				GCC_WARN_UNUSED_FUNCTION = YES;
				GCC_WARN_UNUSED_VARIABLE = YES;
				IPHONEOS_DEPLOYMENT_TARGET = 15.4;
				MTL_ENABLE_DEBUG_INFO = INCLUDE_SOURCE;
				MTL_FAST_MATH = YES;
				ONLY_ACTIVE_ARCH = YES;
				SDKROOT = iphoneos;
				SWIFT_ACTIVE_COMPILATION_CONDITIONS = DEBUG;
				SWIFT_OPTIMIZATION_LEVEL = "-Onone";
			};
			name = Debug;
		};
		57950E3D28231C6B00713A8E /* Release */ = {
			isa = XCBuildConfiguration;
			buildSettings = {
				ALWAYS_SEARCH_USER_PATHS = NO;
				CLANG_ANALYZER_NONNULL = YES;
				CLANG_ANALYZER_NUMBER_OBJECT_CONVERSION = YES_AGGRESSIVE;
				CLANG_CXX_LANGUAGE_STANDARD = "gnu++17";
				CLANG_ENABLE_MODULES = YES;
				CLANG_ENABLE_OBJC_ARC = YES;
				CLANG_ENABLE_OBJC_WEAK = YES;
				CLANG_WARN_BLOCK_CAPTURE_AUTORELEASING = YES;
				CLANG_WARN_BOOL_CONVERSION = YES;
				CLANG_WARN_COMMA = YES;
				CLANG_WARN_CONSTANT_CONVERSION = YES;
				CLANG_WARN_DEPRECATED_OBJC_IMPLEMENTATIONS = YES;
				CLANG_WARN_DIRECT_OBJC_ISA_USAGE = YES_ERROR;
				CLANG_WARN_DOCUMENTATION_COMMENTS = YES;
				CLANG_WARN_EMPTY_BODY = YES;
				CLANG_WARN_ENUM_CONVERSION = YES;
				CLANG_WARN_INFINITE_RECURSION = YES;
				CLANG_WARN_INT_CONVERSION = YES;
				CLANG_WARN_NON_LITERAL_NULL_CONVERSION = YES;
				CLANG_WARN_OBJC_IMPLICIT_RETAIN_SELF = YES;
				CLANG_WARN_OBJC_LITERAL_CONVERSION = YES;
				CLANG_WARN_OBJC_ROOT_CLASS = YES_ERROR;
				CLANG_WARN_QUOTED_INCLUDE_IN_FRAMEWORK_HEADER = YES;
				CLANG_WARN_RANGE_LOOP_ANALYSIS = YES;
				CLANG_WARN_STRICT_PROTOTYPES = YES;
				CLANG_WARN_SUSPICIOUS_MOVE = YES;
				CLANG_WARN_UNGUARDED_AVAILABILITY = YES_AGGRESSIVE;
				CLANG_WARN_UNREACHABLE_CODE = YES;
				CLANG_WARN__DUPLICATE_METHOD_MATCH = YES;
				COPY_PHASE_STRIP = NO;
				DEBUG_INFORMATION_FORMAT = "dwarf-with-dsym";
				ENABLE_NS_ASSERTIONS = NO;
				ENABLE_STRICT_OBJC_MSGSEND = YES;
				GCC_C_LANGUAGE_STANDARD = gnu11;
				GCC_NO_COMMON_BLOCKS = YES;
				GCC_WARN_64_TO_32_BIT_CONVERSION = YES;
				GCC_WARN_ABOUT_RETURN_TYPE = YES_ERROR;
				GCC_WARN_UNDECLARED_SELECTOR = YES;
				GCC_WARN_UNINITIALIZED_AUTOS = YES_AGGRESSIVE;
				GCC_WARN_UNUSED_FUNCTION = YES;
				GCC_WARN_UNUSED_VARIABLE = YES;
				IPHONEOS_DEPLOYMENT_TARGET = 15.4;
				MTL_ENABLE_DEBUG_INFO = NO;
				MTL_FAST_MATH = YES;
				SDKROOT = iphoneos;
				SWIFT_COMPILATION_MODE = wholemodule;
				SWIFT_OPTIMIZATION_LEVEL = "-O";
				VALIDATE_PRODUCT = YES;
			};
			name = Release;
		};
		57950E3F28231C6B00713A8E /* Debug */ = {
			isa = XCBuildConfiguration;
			buildSettings = {
				ASSETCATALOG_COMPILER_APPICON_NAME = AppIcon;
				ASSETCATALOG_COMPILER_GLOBAL_ACCENT_COLOR_NAME = AccentColor;
				ASSETCATALOG_COMPILER_INCLUDE_ALL_APPICON_ASSETS = NO;
				CODE_SIGN_STYLE = Automatic;
				CURRENT_PROJECT_VERSION = 1;
				DEVELOPMENT_ASSET_PATHS = "\"iFinance/Preview Content\"";
				ENABLE_PREVIEWS = YES;
				GENERATE_INFOPLIST_FILE = YES;
				INFOPLIST_KEY_UIApplicationSceneManifest_Generation = YES;
				INFOPLIST_KEY_UIApplicationSupportsIndirectInputEvents = YES;
				INFOPLIST_KEY_UILaunchScreen_Generation = YES;
				INFOPLIST_KEY_UIStatusBarHidden = YES;
				INFOPLIST_KEY_UISupportedInterfaceOrientations_iPad = "UIInterfaceOrientationPortrait UIInterfaceOrientationPortraitUpsideDown UIInterfaceOrientationLandscapeLeft UIInterfaceOrientationLandscapeRight";
				INFOPLIST_KEY_UISupportedInterfaceOrientations_iPhone = "UIInterfaceOrientationPortrait UIInterfaceOrientationLandscapeLeft UIInterfaceOrientationLandscapeRight";
				LD_RUNPATH_SEARCH_PATHS = (
					"$(inherited)",
					"@executable_path/Frameworks",
				);
				MARKETING_VERSION = 1.0;
				PRODUCT_BUNDLE_IDENTIFIER = br.pucpr.iFinance;
				PRODUCT_NAME = "$(TARGET_NAME)";
				SWIFT_EMIT_LOC_STRINGS = YES;
				SWIFT_VERSION = 5.0;
				TARGETED_DEVICE_FAMILY = "1,2";
			};
			name = Debug;
		};
		57950E4028231C6B00713A8E /* Release */ = {
			isa = XCBuildConfiguration;
			buildSettings = {
				ASSETCATALOG_COMPILER_APPICON_NAME = AppIcon;
				ASSETCATALOG_COMPILER_GLOBAL_ACCENT_COLOR_NAME = AccentColor;
				ASSETCATALOG_COMPILER_INCLUDE_ALL_APPICON_ASSETS = NO;
				CODE_SIGN_STYLE = Automatic;
				CURRENT_PROJECT_VERSION = 1;
				DEVELOPMENT_ASSET_PATHS = "\"iFinance/Preview Content\"";
				ENABLE_PREVIEWS = YES;
				GENERATE_INFOPLIST_FILE = YES;
				INFOPLIST_KEY_UIApplicationSceneManifest_Generation = YES;
				INFOPLIST_KEY_UIApplicationSupportsIndirectInputEvents = YES;
				INFOPLIST_KEY_UILaunchScreen_Generation = YES;
				INFOPLIST_KEY_UIStatusBarHidden = YES;
				INFOPLIST_KEY_UISupportedInterfaceOrientations_iPad = "UIInterfaceOrientationPortrait UIInterfaceOrientationPortraitUpsideDown UIInterfaceOrientationLandscapeLeft UIInterfaceOrientationLandscapeRight";
				INFOPLIST_KEY_UISupportedInterfaceOrientations_iPhone = "UIInterfaceOrientationPortrait UIInterfaceOrientationLandscapeLeft UIInterfaceOrientationLandscapeRight";
				LD_RUNPATH_SEARCH_PATHS = (
					"$(inherited)",
					"@executable_path/Frameworks",
				);
				MARKETING_VERSION = 1.0;
				PRODUCT_BUNDLE_IDENTIFIER = br.pucpr.iFinance;
				PRODUCT_NAME = "$(TARGET_NAME)";
				SWIFT_EMIT_LOC_STRINGS = YES;
				SWIFT_VERSION = 5.0;
				TARGETED_DEVICE_FAMILY = "1,2";
			};
			name = Release;
		};
/* End XCBuildConfiguration section */

/* Begin XCConfigurationList section */
		57950E2B28231C6900713A8E /* Build configuration list for PBXProject "iFinance" */ = {
			isa = XCConfigurationList;
			buildConfigurations = (
				57950E3C28231C6B00713A8E /* Debug */,
				57950E3D28231C6B00713A8E /* Release */,
			);
			defaultConfigurationIsVisible = 0;
			defaultConfigurationName = Release;
		};
		57950E3E28231C6B00713A8E /* Build configuration list for PBXNativeTarget "iFinance" */ = {
			isa = XCConfigurationList;
			buildConfigurations = (
				57950E3F28231C6B00713A8E /* Debug */,
				57950E4028231C6B00713A8E /* Release */,
			);
			defaultConfigurationIsVisible = 0;
			defaultConfigurationName = Release;
		};
/* End XCConfigurationList section */

/* Begin XCRemoteSwiftPackageReference section */
		570DC9C02824B40C00D8289F /* XCRemoteSwiftPackageReference "ChartView" */ = {
			isa = XCRemoteSwiftPackageReference;
			repositoryURL = "https://github.com/AppPear/ChartView";
			requirement = {
				kind = exactVersion;
				version = "2.0.0-beta.2";
			};
		};
		57F2B1DB282C85A200819444 /* XCRemoteSwiftPackageReference "SQLite.swift" */ = {
			isa = XCRemoteSwiftPackageReference;
			repositoryURL = "https://github.com/stephencelis/SQLite.swift.git";
			requirement = {
				kind = upToNextMajorVersion;
				minimumVersion = 0.9.2;
			};
		};
/* End XCRemoteSwiftPackageReference section */

/* Begin XCSwiftPackageProductDependency section */
		570DC9C12824B40C00D8289F /* SwiftUICharts */ = {
			isa = XCSwiftPackageProductDependency;
			package = 570DC9C02824B40C00D8289F /* XCRemoteSwiftPackageReference "ChartView" */;
			productName = SwiftUICharts;
		};
		57F2B1DC282C85A200819444 /* SQLite */ = {
			isa = XCSwiftPackageProductDependency;
			package = 57F2B1DB282C85A200819444 /* XCRemoteSwiftPackageReference "SQLite.swift" */;
			productName = SQLite;
		};
/* End XCSwiftPackageProductDependency section */
	};
	rootObject = 57950E2828231C6900713A8E /* Project object */;
}
